
Microsoft Visual Studio Solution File, Format Version 12.00
# Visual Studio Version 16
VisualStudioVersion = 16.0.31025.194
MinimumVisualStudioVersion = 10.0.40219.1
Project("{FAE04EC0-301F-11D3-BF4B-00C04F79EFBC}") = "Toci.Pl", "Toci.Pl.csproj", "{418D90EE-4E86-4D5E-BFC1-CE07EED78951}"
EndProject
Project("{E24C65DC-7377-472B-9ABA-BC803B73C61A}") = "Template", "..\Template\", "{217B1E85-7A13-4646-A9E8-ECC9832BC017}"
	ProjectSection(WebsiteProperties) = preProject
		TargetFrameworkMoniker = ".NETFramework,Version%3Dv4.0"
		Debug.AspNetCompiler.VirtualPath = "/localhost_56951"
		Debug.AspNetCompiler.PhysicalPath = "..\Template\"
		Debug.AspNetCompiler.TargetPath = "PrecompiledWeb\localhost_56951\"
		Debug.AspNetCompiler.Updateable = "true"
		Debug.AspNetCompiler.ForceOverwrite = "true"
		Debug.AspNetCompiler.FixedNames = "false"
		Debug.AspNetCompiler.Debug = "True"
		Release.AspNetCompiler.VirtualPath = "/localhost_56951"
		Release.AspNetCompiler.PhysicalPath = "..\Template\"
		Release.AspNetCompiler.TargetPath = "PrecompiledWeb\localhost_56951\"
		Release.AspNetCompiler.Updateable = "true"
		Release.AspNetCompiler.ForceOverwrite = "true"
		Release.AspNetCompiler.FixedNames = "false"
		Release.AspNetCompiler.Debug = "False"
		VWDPort = "56951"
		SlnRelativePath = "..\Template\"
	EndProjectSection
EndProject
Global
	GlobalSection(SolutionConfigurationPlatforms) = preSolution
		Debug|Any CPU = Debug|Any CPU
		Release|Any CPU = Release|Any CPU
	EndGlobalSection
	GlobalSection(ProjectConfigurationPlatforms) = postSolution
		{418D90EE-4E86-4D5E-BFC1-CE07EED78951}.Debug|Any CPU.ActiveCfg = Debug|Any CPU
		{418D90EE-4E86-4D5E-BFC1-CE07EED78951}.Debug|Any CPU.Build.0 = Debug|Any CPU
		{418D90EE-4E86-4D5E-BFC1-CE07EED78951}.Release|Any CPU.ActiveCfg = Release|Any CPU
		{418D90EE-4E86-4D5E-BFC1-CE07EED78951}.Release|Any CPU.Build.0 = Release|Any CPU
		{217B1E85-7A13-4646-A9E8-ECC9832BC017}.Debug|Any CPU.ActiveCfg = Debug|Any CPU
		{217B1E85-7A13-4646-A9E8-ECC9832BC017}.Debug|Any CPU.Build.0 = Debug|Any CPU
		{217B1E85-7A13-4646-A9E8-ECC9832BC017}.Release|Any CPU.ActiveCfg = Debug|Any CPU
		{217B1E85-7A13-4646-A9E8-ECC9832BC017}.Release|Any CPU.Build.0 = Debug|Any CPU
	EndGlobalSection
	GlobalSection(SolutionProperties) = preSolution
		HideSolutionNode = FALSE
	EndGlobalSection
	GlobalSection(ExtensibilityGlobals) = postSolution
		SolutionGuid = {FEFB54D1-25F3-4DD8-9BCC-C752B029BA25}
	EndGlobalSection
EndGlobal
